
Microsoft Visual Studio Solution File, Format Version 12.00
# Visual Studio Version 17
VisualStudioVersion = 17.0.32126.317
MinimumVisualStudioVersion = 10.0.40219.1
Project("{FAE04EC0-301F-11D3-BF4B-00C04F79EFBC}") = "BinarySearch", "BinarySearch.csproj", "{2DD184C3-33A6-487C-8206-89DC37FF160B}"
EndProject
Global
	GlobalSection(SolutionConfigurationPlatforms) = preSolution
		Debug|Any CPU = Debug|Any CPU
		Release|Any CPU = Release|Any CPU
	EndGlobalSection
	GlobalSection(ProjectConfigurationPlatforms) = postSolution
		{2DD184C3-33A6-487C-8206-89DC37FF160B}.Debug|Any CPU.ActiveCfg = Debug|Any CPU
		{2DD184C3-33A6-487C-8206-89DC37FF160B}.Debug|Any CPU.Build.0 = Debug|Any CPU
		{2DD184C3-33A6-487C-8206-89DC37FF160B}.Release|Any CPU.ActiveCfg = Release|Any CPU
		{2DD184C3-33A6-487C-8206-89DC37FF160B}.Release|Any CPU.Build.0 = Release|Any CPU
	EndGlobalSection
	GlobalSection(SolutionProperties) = preSolution
		HideSolutionNode = FALSE
	EndGlobalSection
	GlobalSection(ExtensibilityGlobals) = postSolution
		SolutionGuid = {36630D99-AC75-48EF-8D49-5F56E9EA1AD7}
	EndGlobalSection
EndGlobal
